
Microsoft Visual Studio Solution File, Format Version 12.00
# Visual Studio Version 16
VisualStudioVersion = 16.0.29503.13
MinimumVisualStudioVersion = 10.0.40219.1
Project("{FAE04EC0-301F-11D3-BF4B-00C04F79EFBC}") = "viewcomponent-samples", "viewcomponent-samples\viewcomponent-samples.csproj", "{095C9690-8F23-498A-BDDC-5DC685085AAF}"
EndProject
Global
	GlobalSection(SolutionConfigurationPlatforms) = preSolution
		Debug|Any CPU = Debug|Any CPU
		Release|Any CPU = Release|Any CPU
	EndGlobalSection
	GlobalSection(ProjectConfigurationPlatforms) = postSolution
		{095C9690-8F23-498A-BDDC-5DC685085AAF}.Debug|Any CPU.ActiveCfg = Debug|Any CPU
		{095C9690-8F23-498A-BDDC-5DC685085AAF}.Debug|Any CPU.Build.0 = Debug|Any CPU
		{095C9690-8F23-498A-BDDC-5DC685085AAF}.Release|Any CPU.ActiveCfg = Release|Any CPU
		{095C9690-8F23-498A-BDDC-5DC685085AAF}.Release|Any CPU.Build.0 = Release|Any CPU
	EndGlobalSection
	GlobalSection(SolutionProperties) = preSolution
		HideSolutionNode = FALSE
	EndGlobalSection
	GlobalSection(ExtensibilityGlobals) = postSolution
		SolutionGuid = {08CE1422-0E50-4510-BC8B-443475EF18C6}
	EndGlobalSection
EndGlobal
