
Microsoft Visual Studio Solution File, Format Version 12.00
# Visual Studio Version 16
VisualStudioVersion = 16.0.31105.61
MinimumVisualStudioVersion = 10.0.40219.1
Project("{9A19103F-16F7-4668-BE54-9A1E7A4F7556}") = "HackerNewsDemo", "HackerNewsDemo\HackerNewsDemo.csproj", "{FB2BFCB5-68EC-4832-8D51-8B5A98CB684D}"
EndProject
Project("{9A19103F-16F7-4668-BE54-9A1E7A4F7556}") = "HackerNewsModule", "HackerNewsModule\HackerNewsModule.csproj", "{7FFC171A-3770-4E29-90DA-B85273D2D976}"
EndProject
Project("{9A19103F-16F7-4668-BE54-9A1E7A4F7556}") = "HackerNewsServiceUnitTest", "HackerNewsServiceUnitTest\HackerNewsServiceUnitTest.csproj", "{8547E202-E7B0-4EE9-9A3C-637D253B056F}"
EndProject
Global
	GlobalSection(SolutionConfigurationPlatforms) = preSolution
		Debug|Any CPU = Debug|Any CPU
		Release|Any CPU = Release|Any CPU
	EndGlobalSection
	GlobalSection(ProjectConfigurationPlatforms) = postSolution
		{FB2BFCB5-68EC-4832-8D51-8B5A98CB684D}.Debug|Any CPU.ActiveCfg = Debug|Any CPU
		{FB2BFCB5-68EC-4832-8D51-8B5A98CB684D}.Debug|Any CPU.Build.0 = Debug|Any CPU
		{FB2BFCB5-68EC-4832-8D51-8B5A98CB684D}.Release|Any CPU.ActiveCfg = Release|Any CPU
		{FB2BFCB5-68EC-4832-8D51-8B5A98CB684D}.Release|Any CPU.Build.0 = Release|Any CPU
		{7FFC171A-3770-4E29-90DA-B85273D2D976}.Debug|Any CPU.ActiveCfg = Debug|Any CPU
		{7FFC171A-3770-4E29-90DA-B85273D2D976}.Debug|Any CPU.Build.0 = Debug|Any CPU
		{7FFC171A-3770-4E29-90DA-B85273D2D976}.Release|Any CPU.ActiveCfg = Release|Any CPU
		{7FFC171A-3770-4E29-90DA-B85273D2D976}.Release|Any CPU.Build.0 = Release|Any CPU
		{8547E202-E7B0-4EE9-9A3C-637D253B056F}.Debug|Any CPU.ActiveCfg = Debug|Any CPU
		{8547E202-E7B0-4EE9-9A3C-637D253B056F}.Debug|Any CPU.Build.0 = Debug|Any CPU
		{8547E202-E7B0-4EE9-9A3C-637D253B056F}.Release|Any CPU.ActiveCfg = Release|Any CPU
		{8547E202-E7B0-4EE9-9A3C-637D253B056F}.Release|Any CPU.Build.0 = Release|Any CPU
	EndGlobalSection
	GlobalSection(SolutionProperties) = preSolution
		HideSolutionNode = FALSE
	EndGlobalSection
	GlobalSection(ExtensibilityGlobals) = postSolution
		SolutionGuid = {763D37F9-8585-4CEB-A142-F17A550F5CE6}
	EndGlobalSection
EndGlobal
